// !$*UTF8*$!
{
	archiveVersion = 1;
	classes = {
	};
	objectVersion = 50;
	objects = {

/* Begin PBXBuildFile section */
		13C9185CDCE5CF5A07332AD0 /* Pods_Rappi.framework in Frameworks */ = {isa = PBXBuildFile; fileRef = 5A201B2B15B4CE2C41AFD98F /* Pods_Rappi.framework */; };
		2AF147DE22872C7800AF68A6 /* AppDelegate.swift in Sources */ = {isa = PBXBuildFile; fileRef = 2AF147DD22872C7800AF68A6 /* AppDelegate.swift */; };
		2AF147E022872C7800AF68A6 /* ViewController.swift in Sources */ = {isa = PBXBuildFile; fileRef = 2AF147DF22872C7800AF68A6 /* ViewController.swift */; };
		2AF147E322872C7800AF68A6 /* Main.storyboard in Resources */ = {isa = PBXBuildFile; fileRef = 2AF147E122872C7800AF68A6 /* Main.storyboard */; };
		2AF147E622872C7800AF68A6 /* Rappi.xcdatamodeld in Sources */ = {isa = PBXBuildFile; fileRef = 2AF147E422872C7800AF68A6 /* Rappi.xcdatamodeld */; };
		2AF147E822872C7A00AF68A6 /* Assets.xcassets in Resources */ = {isa = PBXBuildFile; fileRef = 2AF147E722872C7A00AF68A6 /* Assets.xcassets */; };
		2AF147EB22872C7A00AF68A6 /* LaunchScreen.storyboard in Resources */ = {isa = PBXBuildFile; fileRef = 2AF147E922872C7A00AF68A6 /* LaunchScreen.storyboard */; };
		2AF147F622872C7A00AF68A6 /* RappiTests.swift in Sources */ = {isa = PBXBuildFile; fileRef = 2AF147F522872C7A00AF68A6 /* RappiTests.swift */; };
		4E53600EC7017C061A98EFDE /* Pods_RappiTests.framework in Frameworks */ = {isa = PBXBuildFile; fileRef = 08AD2BD91D350867BCB61471 /* Pods_RappiTests.framework */; };
/* End PBXBuildFile section */

/* Begin PBXContainerItemProxy section */
		2AF147F222872C7A00AF68A6 /* PBXContainerItemProxy */ = {
			isa = PBXContainerItemProxy;
			containerPortal = 2AF147D222872C7800AF68A6 /* Project object */;
			proxyType = 1;
			remoteGlobalIDString = 2AF147D922872C7800AF68A6;
			remoteInfo = Rappi;
		};
/* End PBXContainerItemProxy section */

/* Begin PBXFileReference section */
		08AD2BD91D350867BCB61471 /* Pods_RappiTests.framework */ = {isa = PBXFileReference; explicitFileType = wrapper.framework; includeInIndex = 0; path = Pods_RappiTests.framework; sourceTree = BUILT_PRODUCTS_DIR; };
		2AF147DA22872C7800AF68A6 /* Rappi.app */ = {isa = PBXFileReference; explicitFileType = wrapper.application; includeInIndex = 0; path = Rappi.app; sourceTree = BUILT_PRODUCTS_DIR; };
		2AF147DD22872C7800AF68A6 /* AppDelegate.swift */ = {isa = PBXFileReference; lastKnownFileType = sourcecode.swift; path = AppDelegate.swift; sourceTree = "<group>"; };
		2AF147DF22872C7800AF68A6 /* ViewController.swift */ = {isa = PBXFileReference; lastKnownFileType = sourcecode.swift; path = ViewController.swift; sourceTree = "<group>"; };
		2AF147E222872C7800AF68A6 /* Base */ = {isa = PBXFileReference; lastKnownFileType = file.storyboard; name = Base; path = Base.lproj/Main.storyboard; sourceTree = "<group>"; };
		2AF147E522872C7800AF68A6 /* Rappi.xcdatamodel */ = {isa = PBXFileReference; lastKnownFileType = wrapper.xcdatamodel; path = Rappi.xcdatamodel; sourceTree = "<group>"; };
		2AF147E722872C7A00AF68A6 /* Assets.xcassets */ = {isa = PBXFileReference; lastKnownFileType = folder.assetcatalog; path = Assets.xcassets; sourceTree = "<group>"; };
		2AF147EA22872C7A00AF68A6 /* Base */ = {isa = PBXFileReference; lastKnownFileType = file.storyboard; name = Base; path = Base.lproj/LaunchScreen.storyboard; sourceTree = "<group>"; };
		2AF147EC22872C7A00AF68A6 /* Info.plist */ = {isa = PBXFileReference; lastKnownFileType = text.plist.xml; path = Info.plist; sourceTree = "<group>"; };
		2AF147F122872C7A00AF68A6 /* RappiTests.xctest */ = {isa = PBXFileReference; explicitFileType = wrapper.cfbundle; includeInIndex = 0; path = RappiTests.xctest; sourceTree = BUILT_PRODUCTS_DIR; };
		2AF147F522872C7A00AF68A6 /* RappiTests.swift */ = {isa = PBXFileReference; lastKnownFileType = sourcecode.swift; path = RappiTests.swift; sourceTree = "<group>"; };
		2AF147F722872C7A00AF68A6 /* Info.plist */ = {isa = PBXFileReference; lastKnownFileType = text.plist.xml; path = Info.plist; sourceTree = "<group>"; };
		40CB48E7B3C95F7BDDBC2A99 /* Pods-Rappi.debug.xcconfig */ = {isa = PBXFileReference; includeInIndex = 1; lastKnownFileType = text.xcconfig; name = "Pods-Rappi.debug.xcconfig"; path = "Pods/Target Support Files/Pods-Rappi/Pods-Rappi.debug.xcconfig"; sourceTree = "<group>"; };
		53923A1EF346963DB260E843 /* Pods-RappiTests.release.xcconfig */ = {isa = PBXFileReference; includeInIndex = 1; lastKnownFileType = text.xcconfig; name = "Pods-RappiTests.release.xcconfig"; path = "Pods/Target Support Files/Pods-RappiTests/Pods-RappiTests.release.xcconfig"; sourceTree = "<group>"; };
		5A201B2B15B4CE2C41AFD98F /* Pods_Rappi.framework */ = {isa = PBXFileReference; explicitFileType = wrapper.framework; includeInIndex = 0; path = Pods_Rappi.framework; sourceTree = BUILT_PRODUCTS_DIR; };
		B3DD5860D765E2E660D93BA1 /* Pods-Rappi.release.xcconfig */ = {isa = PBXFileReference; includeInIndex = 1; lastKnownFileType = text.xcconfig; name = "Pods-Rappi.release.xcconfig"; path = "Pods/Target Support Files/Pods-Rappi/Pods-Rappi.release.xcconfig"; sourceTree = "<group>"; };
		BACA69BBE9DAE2649F80756A /* Pods-RappiTests.debug.xcconfig */ = {isa = PBXFileReference; includeInIndex = 1; lastKnownFileType = text.xcconfig; name = "Pods-RappiTests.debug.xcconfig"; path = "Pods/Target Support Files/Pods-RappiTests/Pods-RappiTests.debug.xcconfig"; sourceTree = "<group>"; };
/* End PBXFileReference section */

/* Begin PBXFrameworksBuildPhase section */
		2AF147D722872C7800AF68A6 /* Frameworks */ = {
			isa = PBXFrameworksBuildPhase;
			buildActionMask = 2147483647;
			files = (
				13C9185CDCE5CF5A07332AD0 /* Pods_Rappi.framework in Frameworks */,
			);
			runOnlyForDeploymentPostprocessing = 0;
		};
		2AF147EE22872C7A00AF68A6 /* Frameworks */ = {
			isa = PBXFrameworksBuildPhase;
			buildActionMask = 2147483647;
			files = (
				4E53600EC7017C061A98EFDE /* Pods_RappiTests.framework in Frameworks */,
			);
			runOnlyForDeploymentPostprocessing = 0;
		};
/* End PBXFrameworksBuildPhase section */

/* Begin PBXGroup section */
		01DB5F2044C079F0BA2D5BAF /* Pods */ = {
			isa = PBXGroup;
			children = (
				40CB48E7B3C95F7BDDBC2A99 /* Pods-Rappi.debug.xcconfig */,
				B3DD5860D765E2E660D93BA1 /* Pods-Rappi.release.xcconfig */,
				BACA69BBE9DAE2649F80756A /* Pods-RappiTests.debug.xcconfig */,
				53923A1EF346963DB260E843 /* Pods-RappiTests.release.xcconfig */,
			);
			name = Pods;
			sourceTree = "<group>";
		};
		2AF147D122872C7800AF68A6 = {
			isa = PBXGroup;
			children = (
				2AF147DC22872C7800AF68A6 /* Rappi */,
				2AF147F422872C7A00AF68A6 /* RappiTests */,
				2AF147DB22872C7800AF68A6 /* Products */,
				01DB5F2044C079F0BA2D5BAF /* Pods */,
				F310BBCA8215890CFACF3734 /* Frameworks */,
			);
			sourceTree = "<group>";
		};
		2AF147DB22872C7800AF68A6 /* Products */ = {
			isa = PBXGroup;
			children = (
				2AF147DA22872C7800AF68A6 /* Rappi.app */,
				2AF147F122872C7A00AF68A6 /* RappiTests.xctest */,
			);
			name = Products;
			sourceTree = "<group>";
		};
		2AF147DC22872C7800AF68A6 /* Rappi */ = {
			isa = PBXGroup;
			children = (
				2AF147DD22872C7800AF68A6 /* AppDelegate.swift */,
				2AF147DF22872C7800AF68A6 /* ViewController.swift */,
				2AF147E122872C7800AF68A6 /* Main.storyboard */,
				2AF147E722872C7A00AF68A6 /* Assets.xcassets */,
				2AF147E922872C7A00AF68A6 /* LaunchScreen.storyboard */,
				2AF147EC22872C7A00AF68A6 /* Info.plist */,
				2AF147E422872C7800AF68A6 /* Rappi.xcdatamodeld */,
			);
			path = Rappi;
			sourceTree = "<group>";
		};
		2AF147F422872C7A00AF68A6 /* RappiTests */ = {
			isa = PBXGroup;
			children = (
				2AF147F522872C7A00AF68A6 /* RappiTests.swift */,
				2AF147F722872C7A00AF68A6 /* Info.plist */,
			);
			path = RappiTests;
			sourceTree = "<group>";
		};
		F310BBCA8215890CFACF3734 /* Frameworks */ = {
			isa = PBXGroup;
			children = (
				5A201B2B15B4CE2C41AFD98F /* Pods_Rappi.framework */,
				08AD2BD91D350867BCB61471 /* Pods_RappiTests.framework */,
			);
			name = Frameworks;
			sourceTree = "<group>";
		};
/* End PBXGroup section */

/* Begin PBXNativeTarget section */
		2AF147D922872C7800AF68A6 /* Rappi */ = {
			isa = PBXNativeTarget;
			buildConfigurationList = 2AF147FA22872C7A00AF68A6 /* Build configuration list for PBXNativeTarget "Rappi" */;
			buildPhases = (
				C3627A6047C15D7006EF5DF2 /* [CP] Check Pods Manifest.lock */,
				2AF147D622872C7800AF68A6 /* Sources */,
				2AF147D722872C7800AF68A6 /* Frameworks */,
				2AF147D822872C7800AF68A6 /* Resources */,
				2AF1480022872E1B00AF68A6 /* SwiftLint */,
				B283ADEE4137878AC29A2D39 /* [CP] Embed Pods Frameworks */,
			);
			buildRules = (
			);
			dependencies = (
			);
			name = Rappi;
			productName = Rappi;
			productReference = 2AF147DA22872C7800AF68A6 /* Rappi.app */;
			productType = "com.apple.product-type.application";
		};
		2AF147F022872C7A00AF68A6 /* RappiTests */ = {
			isa = PBXNativeTarget;
			buildConfigurationList = 2AF147FD22872C7A00AF68A6 /* Build configuration list for PBXNativeTarget "RappiTests" */;
			buildPhases = (
				A073F3931946C4E26747FF92 /* [CP] Check Pods Manifest.lock */,
				2AF147ED22872C7A00AF68A6 /* Sources */,
				2AF147EE22872C7A00AF68A6 /* Frameworks */,
				2AF147EF22872C7A00AF68A6 /* Resources */,
			);
			buildRules = (
			);
			dependencies = (
				2AF147F322872C7A00AF68A6 /* PBXTargetDependency */,
			);
			name = RappiTests;
			productName = RappiTests;
			productReference = 2AF147F122872C7A00AF68A6 /* RappiTests.xctest */;
			productType = "com.apple.product-type.bundle.unit-test";
		};
/* End PBXNativeTarget section */

/* Begin PBXProject section */
		2AF147D222872C7800AF68A6 /* Project object */ = {
			isa = PBXProject;
			attributes = {
				LastSwiftUpdateCheck = 1020;
				LastUpgradeCheck = 1020;
				ORGANIZATIONNAME = iNahuelZapata;
				TargetAttributes = {
					2AF147D922872C7800AF68A6 = {
						CreatedOnToolsVersion = 10.2;
					};
					2AF147F022872C7A00AF68A6 = {
						CreatedOnToolsVersion = 10.2;
						TestTargetID = 2AF147D922872C7800AF68A6;
					};
				};
			};
			buildConfigurationList = 2AF147D522872C7800AF68A6 /* Build configuration list for PBXProject "Rappi" */;
			compatibilityVersion = "Xcode 9.3";
			developmentRegion = en;
			hasScannedForEncodings = 0;
			knownRegions = (
				en,
				Base,
			);
			mainGroup = 2AF147D122872C7800AF68A6;
			productRefGroup = 2AF147DB22872C7800AF68A6 /* Products */;
			projectDirPath = "";
			projectRoot = "";
			targets = (
				2AF147D922872C7800AF68A6 /* Rappi */,
				2AF147F022872C7A00AF68A6 /* RappiTests */,
			);
		};
/* End PBXProject section */

/* Begin PBXResourcesBuildPhase section */
		2AF147D822872C7800AF68A6 /* Resources */ = {
			isa = PBXResourcesBuildPhase;
			buildActionMask = 2147483647;
			files = (
				2AF147EB22872C7A00AF68A6 /* LaunchScreen.storyboard in Resources */,
				2AF147E822872C7A00AF68A6 /* Assets.xcassets in Resources */,
				2AF147E322872C7800AF68A6 /* Main.storyboard in Resources */,
			);
			runOnlyForDeploymentPostprocessing = 0;
		};
		2AF147EF22872C7A00AF68A6 /* Resources */ = {
			isa = PBXResourcesBuildPhase;
			buildActionMask = 2147483647;
			files = (
			);
			runOnlyForDeploymentPostprocessing = 0;
		};
/* End PBXResourcesBuildPhase section */

/* Begin PBXShellScriptBuildPhase section */
		2AF1480022872E1B00AF68A6 /* SwiftLint */ = {
			isa = PBXShellScriptBuildPhase;
			buildActionMask = 2147483647;
			files = (
			);
			inputFileListPaths = (
			);
			inputPaths = (
			);
			name = SwiftLint;
			outputFileListPaths = (
			);
			outputPaths = (
			);
			runOnlyForDeploymentPostprocessing = 0;
			shellPath = /bin/sh;
			shellScript = "if which swiftlint >/dev/null; then\n    swiftlint\nelse\n    echo \"Warning: SwiftLint not installed, download from https://github.com/realm/SwiftLint\"\nfi\n";
		};
		A073F3931946C4E26747FF92 /* [CP] Check Pods Manifest.lock */ = {
			isa = PBXShellScriptBuildPhase;
			buildActionMask = 2147483647;
			files = (
			);
			inputFileListPaths = (
			);
			inputPaths = (
				"${PODS_PODFILE_DIR_PATH}/Podfile.lock",
				"${PODS_ROOT}/Manifest.lock",
			);
			name = "[CP] Check Pods Manifest.lock";
			outputFileListPaths = (
			);
			outputPaths = (
				"$(DERIVED_FILE_DIR)/Pods-RappiTests-checkManifestLockResult.txt",
			);
			runOnlyForDeploymentPostprocessing = 0;
			shellPath = /bin/sh;
			shellScript = "diff \"${PODS_PODFILE_DIR_PATH}/Podfile.lock\" \"${PODS_ROOT}/Manifest.lock\" > /dev/null\nif [ $? != 0 ] ; then\n    # print error to STDERR\n    echo \"error: The sandbox is not in sync with the Podfile.lock. Run 'pod install' or update your CocoaPods installation.\" >&2\n    exit 1\nfi\n# This output is used by Xcode 'outputs' to avoid re-running this script phase.\necho \"SUCCESS\" > \"${SCRIPT_OUTPUT_FILE_0}\"\n";
			showEnvVarsInLog = 0;
		};
		B283ADEE4137878AC29A2D39 /* [CP] Embed Pods Frameworks */ = {
			isa = PBXShellScriptBuildPhase;
			buildActionMask = 2147483647;
			files = (
			);
			inputFileListPaths = (
			);
			inputPaths = (
				"${SRCROOT}/Pods/Target Support Files/Pods-Rappi/Pods-Rappi-frameworks.sh",
				"${BUILT_PRODUCTS_DIR}/Alamofire/Alamofire.framework",
				"${BUILT_PRODUCTS_DIR}/Tagged/Tagged.framework",
			);
			name = "[CP] Embed Pods Frameworks";
			outputFileListPaths = (
			);
			outputPaths = (
				"${TARGET_BUILD_DIR}/${FRAMEWORKS_FOLDER_PATH}/Alamofire.framework",
				"${TARGET_BUILD_DIR}/${FRAMEWORKS_FOLDER_PATH}/Tagged.framework",
			);
			runOnlyForDeploymentPostprocessing = 0;
			shellPath = /bin/sh;
			shellScript = "\"${SRCROOT}/Pods/Target Support Files/Pods-Rappi/Pods-Rappi-frameworks.sh\"\n";
			showEnvVarsInLog = 0;
		};
		C3627A6047C15D7006EF5DF2 /* [CP] Check Pods Manifest.lock */ = {
			isa = PBXShellScriptBuildPhase;
			buildActionMask = 2147483647;
			files = (
			);
			inputFileListPaths = (
			);
			inputPaths = (
				"${PODS_PODFILE_DIR_PATH}/Podfile.lock",
				"${PODS_ROOT}/Manifest.lock",
			);
			name = "[CP] Check Pods Manifest.lock";
			outputFileListPaths = (
			);
			outputPaths = (
				"$(DERIVED_FILE_DIR)/Pods-Rappi-checkManifestLockResult.txt",
			);
			runOnlyForDeploymentPostprocessing = 0;
			shellPath = /bin/sh;
			shellScript = "diff \"${PODS_PODFILE_DIR_PATH}/Podfile.lock\" \"${PODS_ROOT}/Manifest.lock\" > /dev/null\nif [ $? != 0 ] ; then\n    # print error to STDERR\n    echo \"error: The sandbox is not in sync with the Podfile.lock. Run 'pod install' or update your CocoaPods installation.\" >&2\n    exit 1\nfi\n# This output is used by Xcode 'outputs' to avoid re-running this script phase.\necho \"SUCCESS\" > \"${SCRIPT_OUTPUT_FILE_0}\"\n";
			showEnvVarsInLog = 0;
		};
/* End PBXShellScriptBuildPhase section */

/* Begin PBXSourcesBuildPhase section */
		2AF147D622872C7800AF68A6 /* Sources */ = {
			isa = PBXSourcesBuildPhase;
			buildActionMask = 2147483647;
			files = (
				2AF147E022872C7800AF68A6 /* ViewController.swift in Sources */,
				2AF147E622872C7800AF68A6 /* Rappi.xcdatamodeld in Sources */,
				2AF147DE22872C7800AF68A6 /* AppDelegate.swift in Sources */,
			);
			runOnlyForDeploymentPostprocessing = 0;
		};
		2AF147ED22872C7A00AF68A6 /* Sources */ = {
			isa = PBXSourcesBuildPhase;
			buildActionMask = 2147483647;
			files = (
				2AF147F622872C7A00AF68A6 /* RappiTests.swift in Sources */,
			);
			runOnlyForDeploymentPostprocessing = 0;
		};
/* End PBXSourcesBuildPhase section */

/* Begin PBXTargetDependency section */
		2AF147F322872C7A00AF68A6 /* PBXTargetDependency */ = {
			isa = PBXTargetDependency;
			target = 2AF147D922872C7800AF68A6 /* Rappi */;
			targetProxy = 2AF147F222872C7A00AF68A6 /* PBXContainerItemProxy */;
		};
/* End PBXTargetDependency section */

/* Begin PBXVariantGroup section */
		2AF147E122872C7800AF68A6 /* Main.storyboard */ = {
			isa = PBXVariantGroup;
			children = (
				2AF147E222872C7800AF68A6 /* Base */,
			);
			name = Main.storyboard;
			sourceTree = "<group>";
		};
		2AF147E922872C7A00AF68A6 /* LaunchScreen.storyboard */ = {
			isa = PBXVariantGroup;
			children = (
				2AF147EA22872C7A00AF68A6 /* Base */,
			);
			name = LaunchScreen.storyboard;
			sourceTree = "<group>";
		};
/* End PBXVariantGroup section */

/* Begin XCBuildConfiguration section */
		2AF147F822872C7A00AF68A6 /* Debug */ = {
			isa = XCBuildConfiguration;
			buildSettings = {
				ALWAYS_SEARCH_USER_PATHS = NO;
				CLANG_ANALYZER_NONNULL = YES;
				CLANG_ANALYZER_NUMBER_OBJECT_CONVERSION = YES_AGGRESSIVE;
				CLANG_CXX_LANGUAGE_STANDARD = "gnu++14";
				CLANG_CXX_LIBRARY = "libc++";
				CLANG_ENABLE_MODULES = YES;
				CLANG_ENABLE_OBJC_ARC = YES;
				CLANG_ENABLE_OBJC_WEAK = YES;
				CLANG_WARN_BLOCK_CAPTURE_AUTORELEASING = YES;
				CLANG_WARN_BOOL_CONVERSION = YES;
				CLANG_WARN_COMMA = YES;
				CLANG_WARN_CONSTANT_CONVERSION = YES;
				CLANG_WARN_DEPRECATED_OBJC_IMPLEMENTATIONS = YES;
				CLANG_WARN_DIRECT_OBJC_ISA_USAGE = YES_ERROR;
				CLANG_WARN_DOCUMENTATION_COMMENTS = YES;
				CLANG_WARN_EMPTY_BODY = YES;
				CLANG_WARN_ENUM_CONVERSION = YES;
				CLANG_WARN_INFINITE_RECURSION = YES;
				CLANG_WARN_INT_CONVERSION = YES;
				CLANG_WARN_NON_LITERAL_NULL_CONVERSION = YES;
				CLANG_WARN_OBJC_IMPLICIT_RETAIN_SELF = YES;
				CLANG_WARN_OBJC_LITERAL_CONVERSION = YES;
				CLANG_WARN_OBJC_ROOT_CLASS = YES_ERROR;
				CLANG_WARN_RANGE_LOOP_ANALYSIS = YES;
				CLANG_WARN_STRICT_PROTOTYPES = YES;
				CLANG_WARN_SUSPICIOUS_MOVE = YES;
				CLANG_WARN_UNGUARDED_AVAILABILITY = YES_AGGRESSIVE;
				CLANG_WARN_UNREACHABLE_CODE = YES;
				CLANG_WARN__DUPLICATE_METHOD_MATCH = YES;
				CODE_SIGN_IDENTITY = "iPhone Developer";
				COPY_PHASE_STRIP = NO;
				DEBUG_INFORMATION_FORMAT = dwarf;
				ENABLE_STRICT_OBJC_MSGSEND = YES;
				ENABLE_TESTABILITY = YES;
				GCC_C_LANGUAGE_STANDARD = gnu11;
				GCC_DYNAMIC_NO_PIC = NO;
				GCC_NO_COMMON_BLOCKS = YES;
				GCC_OPTIMIZATION_LEVEL = 0;
				GCC_PREPROCESSOR_DEFINITIONS = (
					"DEBUG=1",
					"$(inherited)",
				);
				GCC_WARN_64_TO_32_BIT_CONVERSION = YES;
				GCC_WARN_ABOUT_RETURN_TYPE = YES_ERROR;
				GCC_WARN_UNDECLARED_SELECTOR = YES;
				GCC_WARN_UNINITIALIZED_AUTOS = YES_AGGRESSIVE;
				GCC_WARN_UNUSED_FUNCTION = YES;
				GCC_WARN_UNUSED_VARIABLE = YES;
				IPHONEOS_DEPLOYMENT_TARGET = 12.2;
				MTL_ENABLE_DEBUG_INFO = INCLUDE_SOURCE;
				MTL_FAST_MATH = YES;
				ONLY_ACTIVE_ARCH = YES;
				SDKROOT = iphoneos;
				SWIFT_ACTIVE_COMPILATION_CONDITIONS = DEBUG;
				SWIFT_OPTIMIZATION_LEVEL = "-Onone";
			};
			name = Debug;
		};
		2AF147F922872C7A00AF68A6 /* Release */ = {
			isa = XCBuildConfiguration;
			buildSettings = {
				ALWAYS_SEARCH_USER_PATHS = NO;
				CLANG_ANALYZER_NONNULL = YES;
				CLANG_ANALYZER_NUMBER_OBJECT_CONVERSION = YES_AGGRESSIVE;
				CLANG_CXX_LANGUAGE_STANDARD = "gnu++14";
				CLANG_CXX_LIBRARY = "libc++";
				CLANG_ENABLE_MODULES = YES;
				CLANG_ENABLE_OBJC_ARC = YES;
				CLANG_ENABLE_OBJC_WEAK = YES;
				CLANG_WARN_BLOCK_CAPTURE_AUTORELEASING = YES;
				CLANG_WARN_BOOL_CONVERSION = YES;
				CLANG_WARN_COMMA = YES;
				CLANG_WARN_CONSTANT_CONVERSION = YES;
				CLANG_WARN_DEPRECATED_OBJC_IMPLEMENTATIONS = YES;
				CLANG_WARN_DIRECT_OBJC_ISA_USAGE = YES_ERROR;
				CLANG_WARN_DOCUMENTATION_COMMENTS = YES;
				CLANG_WARN_EMPTY_BODY = YES;
				CLANG_WARN_ENUM_CONVERSION = YES;
				CLANG_WARN_INFINITE_RECURSION = YES;
				CLANG_WARN_INT_CONVERSION = YES;
				CLANG_WARN_NON_LITERAL_NULL_CONVERSION = YES;
				CLANG_WARN_OBJC_IMPLICIT_RETAIN_SELF = YES;
				CLANG_WARN_OBJC_LITERAL_CONVERSION = YES;
				CLANG_WARN_OBJC_ROOT_CLASS = YES_ERROR;
				CLANG_WARN_RANGE_LOOP_ANALYSIS = YES;
				CLANG_WARN_STRICT_PROTOTYPES = YES;
				CLANG_WARN_SUSPICIOUS_MOVE = YES;
				CLANG_WARN_UNGUARDED_AVAILABILITY = YES_AGGRESSIVE;
				CLANG_WARN_UNREACHABLE_CODE = YES;
				CLANG_WARN__DUPLICATE_METHOD_MATCH = YES;
				CODE_SIGN_IDENTITY = "iPhone Developer";
				COPY_PHASE_STRIP = NO;
				DEBUG_INFORMATION_FORMAT = "dwarf-with-dsym";
				ENABLE_NS_ASSERTIONS = NO;
				ENABLE_STRICT_OBJC_MSGSEND = YES;
				GCC_C_LANGUAGE_STANDARD = gnu11;
				GCC_NO_COMMON_BLOCKS = YES;
				GCC_WARN_64_TO_32_BIT_CONVERSION = YES;
				GCC_WARN_ABOUT_RETURN_TYPE = YES_ERROR;
				GCC_WARN_UNDECLARED_SELECTOR = YES;
				GCC_WARN_UNINITIALIZED_AUTOS = YES_AGGRESSIVE;
				GCC_WARN_UNUSED_FUNCTION = YES;
				GCC_WARN_UNUSED_VARIABLE = YES;
				IPHONEOS_DEPLOYMENT_TARGET = 12.2;
				MTL_ENABLE_DEBUG_INFO = NO;
				MTL_FAST_MATH = YES;
				SDKROOT = iphoneos;
				SWIFT_COMPILATION_MODE = wholemodule;
				SWIFT_OPTIMIZATION_LEVEL = "-O";
				VALIDATE_PRODUCT = YES;
			};
			name = Release;
		};
		2AF147FB22872C7A00AF68A6 /* Debug */ = {
			isa = XCBuildConfiguration;
			baseConfigurationReference = 40CB48E7B3C95F7BDDBC2A99 /* Pods-Rappi.debug.xcconfig */;
			buildSettings = {
				ASSETCATALOG_COMPILER_APPICON_NAME = AppIcon;
				CODE_SIGN_STYLE = Automatic;
				DEVELOPMENT_TEAM = M825Z92F22;
				INFOPLIST_FILE = Rappi/Info.plist;
				LD_RUNPATH_SEARCH_PATHS = (
					"$(inherited)",
					"@executable_path/Frameworks",
				);
				PRODUCT_BUNDLE_IDENTIFIER = com.iNahuelZapata.Rappi;
				PRODUCT_NAME = "$(TARGET_NAME)";
				SWIFT_VERSION = 5.0;
				TARGETED_DEVICE_FAMILY = "1,2";
			};
			name = Debug;
		};
		2AF147FC22872C7A00AF68A6 /* Release */ = {
			isa = XCBuildConfiguration;
			baseConfigurationReference = B3DD5860D765E2E660D93BA1 /* Pods-Rappi.release.xcconfig */;
			buildSettings = {
				ASSETCATALOG_COMPILER_APPICON_NAME = AppIcon;
				CODE_SIGN_STYLE = Automatic;
				DEVELOPMENT_TEAM = M825Z92F22;
				INFOPLIST_FILE = Rappi/Info.plist;
				LD_RUNPATH_SEARCH_PATHS = (
					"$(inherited)",
					"@executable_path/Frameworks",
				);
				PRODUCT_BUNDLE_IDENTIFIER = com.iNahuelZapata.Rappi;
				PRODUCT_NAME = "$(TARGET_NAME)";
				SWIFT_VERSION = 5.0;
				TARGETED_DEVICE_FAMILY = "1,2";
			};
			name = Release;
		};
		2AF147FE22872C7A00AF68A6 /* Debug */ = {
			isa = XCBuildConfiguration;
			baseConfigurationReference = BACA69BBE9DAE2649F80756A /* Pods-RappiTests.debug.xcconfig */;
			buildSettings = {
				ALWAYS_EMBED_SWIFT_STANDARD_LIBRARIES = YES;
				BUNDLE_LOADER = "$(TEST_HOST)";
				CODE_SIGN_STYLE = Automatic;
				DEVELOPMENT_TEAM = M825Z92F22;
				INFOPLIST_FILE = RappiTests/Info.plist;
				LD_RUNPATH_SEARCH_PATHS = (
					"$(inherited)",
					"@executable_path/Frameworks",
					"@loader_path/Frameworks",
				);
				PRODUCT_BUNDLE_IDENTIFIER = com.iNahuelZapata.RappiTests;
				PRODUCT_NAME = "$(TARGET_NAME)";
				SWIFT_VERSION = 5.0;
				TARGETED_DEVICE_FAMILY = "1,2";
				TEST_HOST = "$(BUILT_PRODUCTS_DIR)/Rappi.app/Rappi";
			};
			name = Debug;
		};
		2AF147FF22872C7A00AF68A6 /* Release */ = {
			isa = XCBuildConfiguration;
			baseConfigurationReference = 53923A1EF346963DB260E843 /* Pods-RappiTests.release.xcconfig */;
			buildSettings = {
				ALWAYS_EMBED_SWIFT_STANDARD_LIBRARIES = YES;
				BUNDLE_LOADER = "$(TEST_HOST)";
				CODE_SIGN_STYLE = Automatic;
				DEVELOPMENT_TEAM = M825Z92F22;
				INFOPLIST_FILE = RappiTests/Info.plist;
				LD_RUNPATH_SEARCH_PATHS = (
					"$(inherited)",
					"@executable_path/Frameworks",
					"@loader_path/Frameworks",
				);
				PRODUCT_BUNDLE_IDENTIFIER = com.iNahuelZapata.RappiTests;
				PRODUCT_NAME = "$(TARGET_NAME)";
				SWIFT_VERSION = 5.0;
				TARGETED_DEVICE_FAMILY = "1,2";
				TEST_HOST = "$(BUILT_PRODUCTS_DIR)/Rappi.app/Rappi";
			};
			name = Release;
		};
/* End XCBuildConfiguration section */

/* Begin XCConfigurationList section */
		2AF147D522872C7800AF68A6 /* Build configuration list for PBXProject "Rappi" */ = {
			isa = XCConfigurationList;
			buildConfigurations = (
				2AF147F822872C7A00AF68A6 /* Debug */,
				2AF147F922872C7A00AF68A6 /* Release */,
			);
			defaultConfigurationIsVisible = 0;
			defaultConfigurationName = Release;
		};
		2AF147FA22872C7A00AF68A6 /* Build configuration list for PBXNativeTarget "Rappi" */ = {
			isa = XCConfigurationList;
			buildConfigurations = (
				2AF147FB22872C7A00AF68A6 /* Debug */,
				2AF147FC22872C7A00AF68A6 /* Release */,
			);
			defaultConfigurationIsVisible = 0;
			defaultConfigurationName = Release;
		};
		2AF147FD22872C7A00AF68A6 /* Build configuration list for PBXNativeTarget "RappiTests" */ = {
			isa = XCConfigurationList;
			buildConfigurations = (
				2AF147FE22872C7A00AF68A6 /* Debug */,
				2AF147FF22872C7A00AF68A6 /* Release */,
			);
			defaultConfigurationIsVisible = 0;
			defaultConfigurationName = Release;
		};
/* End XCConfigurationList section */

/* Begin XCVersionGroup section */
		2AF147E422872C7800AF68A6 /* Rappi.xcdatamodeld */ = {
			isa = XCVersionGroup;
			children = (
				2AF147E522872C7800AF68A6 /* Rappi.xcdatamodel */,
			);
			currentVersion = 2AF147E522872C7800AF68A6 /* Rappi.xcdatamodel */;
			path = Rappi.xcdatamodeld;
			sourceTree = "<group>";
			versionGroupType = wrapper.xcdatamodel;
		};
/* End XCVersionGroup section */
	};
	rootObject = 2AF147D222872C7800AF68A6 /* Project object */;
}
